
Microsoft Visual Studio Solution File, Format Version 12.00
# Visual Studio Version 16
VisualStudioVersion = 16.0.33529.622
MinimumVisualStudioVersion = 10.0.40219.1
Project("{8BC9CEB8-8B4A-11D0-8D11-00A0C91BC942}") = "Nplicit", "Nplicit.vcxproj", "{F8831D85-6463-9C20-6D7B-27F7D9D90282}"
EndProject
Project("{8BC9CEB8-8B4A-11D0-8D11-00A0C91BC942}") = "Xplicit", "Xplicit.vcxproj", "{82E3E386-EEC2-6222-F7DA-EDF86339C983}"
EndProject
Project("{8BC9CEB8-8B4A-11D0-8D11-00A0C91BC942}") = "XplicitPlayer", "XplicitPlayer.vcxproj", "{AF468BA2-1B07-07D9-E441-505650C14BB5}"
EndProject
Project("{8BC9CEB8-8B4A-11D0-8D11-00A0C91BC942}") = "XplicitServer", "XplicitServer.vcxproj", "{B95A15A9-251B-91DF-EE55-DA5C5AD5D5BB}"
EndProject
Global
	GlobalSection(SolutionConfigurationPlatforms) = preSolution
		Debug|x64 = Debug|x64
		Release|x64 = Release|x64
	EndGlobalSection
	GlobalSection(ProjectConfigurationPlatforms) = postSolution
		{F8831D85-6463-9C20-6D7B-27F7D9D90282}.Debug|x64.ActiveCfg = Debug|x64
		{F8831D85-6463-9C20-6D7B-27F7D9D90282}.Debug|x64.Build.0 = Debug|x64
		{F8831D85-6463-9C20-6D7B-27F7D9D90282}.Release|x64.ActiveCfg = Release|x64
		{F8831D85-6463-9C20-6D7B-27F7D9D90282}.Release|x64.Build.0 = Release|x64
		{82E3E386-EEC2-6222-F7DA-EDF86339C983}.Debug|x64.ActiveCfg = Debug|x64
		{82E3E386-EEC2-6222-F7DA-EDF86339C983}.Debug|x64.Build.0 = Debug|x64
		{82E3E386-EEC2-6222-F7DA-EDF86339C983}.Release|x64.ActiveCfg = Release|x64
		{82E3E386-EEC2-6222-F7DA-EDF86339C983}.Release|x64.Build.0 = Release|x64
		{AF468BA2-1B07-07D9-E441-505650C14BB5}.Debug|x64.ActiveCfg = Debug|x64
		{AF468BA2-1B07-07D9-E441-505650C14BB5}.Debug|x64.Build.0 = Debug|x64
		{AF468BA2-1B07-07D9-E441-505650C14BB5}.Release|x64.ActiveCfg = Release|x64
		{AF468BA2-1B07-07D9-E441-505650C14BB5}.Release|x64.Build.0 = Release|x64
		{B95A15A9-251B-91DF-EE55-DA5C5AD5D5BB}.Debug|x64.ActiveCfg = Debug|x64
		{B95A15A9-251B-91DF-EE55-DA5C5AD5D5BB}.Debug|x64.Build.0 = Debug|x64
		{B95A15A9-251B-91DF-EE55-DA5C5AD5D5BB}.Release|x64.ActiveCfg = Release|x64
		{B95A15A9-251B-91DF-EE55-DA5C5AD5D5BB}.Release|x64.Build.0 = Release|x64
	EndGlobalSection
	GlobalSection(SolutionProperties) = preSolution
		HideSolutionNode = FALSE
	EndGlobalSection
	GlobalSection(ExtensibilityGlobals) = postSolution
		SolutionGuid = {34845C80-9863-434E-AE51-DC274AA3FF50}
	EndGlobalSection
EndGlobal
