<?xml version="1.0" encoding="UTF-8" standalone="yes" ?>
<CodeBlocks_project_file>
	<FileVersion major="1" minor="6" />
	<Project>
		<Option title="Xplicit" />
		<Option pch_mode="2" />
		<Option compiler="null" />
		<Build>
			<Target title="Debug x64">
				<Option output="bin/Debug/Xplicit" imp_lib="bin/Debug/Xplicit.lib" def_file="$(TARGET_OUTPUT_DIR)$(TARGET_OUTPUT_BASENAME)" prefix_auto="1" extension_auto="1" />
				<Option object_output="obj/Debug/Xplicit/" />
				<Option deps_output="bin/Debug/" />
				<Option type="3" />
				<Option compiler="null" />
				<Option createDefFile="1" />
				<Option createStaticLib="1" />
				<Compiler>
					<Add option="/D_UNICODE /DUNICODE" />
					<Add option="/Zi" />
					<Add option="/D_DEBUG" />
					<Add option="/D__XPLICIT__" />
					<Add option="/D_CRT_SECURE_NO_WARNINGS" />
					<Add option="/D_WINSOCK_DEPRECATED_NO_WARNINGS" />
					<Add option="/D__XPLICIT_DLL__" />
					<Add option="/D__EXPORT_XPLICIT__" />
					<Add option="/Od" />
					<Add option="/W3" />
					<Add directory="C:/Program Files/OpenSSL-Win64/include/" />
					<Add directory="Vendor/" />
					<Add directory="Vendor/luajit/src/" />
					<Add directory="Vendor/glfw/include/GLFW/" />
					<Add directory="Vendor/yaml/include/" />
					<Add directory="Nplicit/Source/" />
					<Add directory="C:/VulkanSDK/1.3.250.0/Include/" />
					<Add directory="$(IRRLICHT_INCLUDE_DIR)/" />
					<Add directory="Vendor/libzip/lib/" />
					<Add directory="C:/Program Files/Mono/include/mono-2.0/" />
					<Add directory="C:/Program Files/Mono/include/mono-2.0/mono/" />
				</Compiler>
				<Linker>
					<Add option="/debug" />
					<Add library="C:/Program Files/Mono/lib/mono-2.0-sgen.lib" />
					<Add library="dxgi.lib" />
					<Add library="d3d11.lib" />
					<Add library="d2d1.lib" />
					<Add library="d3dcompiler.lib" />
					<Add library="ws2_32.lib" />
					<Add library="winmm.lib" />
					<Add library="opengl32.lib" />
					<Add library="C:/VulkanSDK/1.3.250.0/Lib/vulkan-1.lib" />
					<Add library="Library/glfw3.lib" />
					<Add library="Library/lua.lib" />
					<Add library="Library/Irrlicht.lib" />
					<Add library="C:/Program Files/OpenSSL-Win64/lib/libssl.lib" />
					<Add library="C:/Program Files/OpenSSL-Win64/lib/libcrypto.lib" />
					<Add library="comctl32.lib" />
					<Add library="kernel32.lib" />
					<Add library="user32.lib" />
					<Add library="gdi32.lib" />
					<Add library="winspool.lib" />
					<Add library="comdlg32.lib" />
					<Add library="advapi32.lib" />
					<Add library="shell32.lib" />
					<Add library="ole32.lib" />
					<Add library="oleaut32.lib" />
					<Add library="uuid.lib" />
					<Add library="odbc32.lib" />
					<Add library="odbccp32.lib" />
				</Linker>
			</Target>
			<Target title="Release x64">
				<Option output="bin/Release/Xplicit" imp_lib="bin/Release/Xplicit.lib" def_file="$(TARGET_OUTPUT_DIR)$(TARGET_OUTPUT_BASENAME)" prefix_auto="1" extension_auto="1" />
				<Option object_output="obj/Release/Xplicit/" />
				<Option deps_output="bin/Release/" />
				<Option type="3" />
				<Option compiler="null" />
				<Option createDefFile="1" />
				<Option createStaticLib="1" />
				<Compiler>
					<Add option="/D_UNICODE /DUNICODE" />
					<Add option="/D_NDEBUG" />
					<Add option="/D__XPLICIT__" />
					<Add option="/D_CRT_SECURE_NO_WARNINGS" />
					<Add option="/D_WINSOCK_DEPRECATED_NO_WARNINGS" />
					<Add option="/D__XPLICIT_DLL__" />
					<Add option="/D__EXPORT_XPLICIT__" />
					<Add option="/Ox" />
					<Add option="/W3" />
					<Add directory="C:/Program Files/OpenSSL-Win64/include/" />
					<Add directory="Vendor/" />
					<Add directory="Vendor/luajit/src/" />
					<Add directory="Vendor/glfw/include/GLFW/" />
					<Add directory="Vendor/yaml/include/" />
					<Add directory="Nplicit/Source/" />
					<Add directory="C:/VulkanSDK/1.3.250.0/Include/" />
					<Add directory="$(IRRLICHT_INCLUDE_DIR)/" />
					<Add directory="Vendor/libzip/lib/" />
					<Add directory="C:/Program Files/Mono/include/mono-2.0/" />
					<Add directory="C:/Program Files/Mono/include/mono-2.0/mono/" />
				</Compiler>
				<Linker>
					<Add library="C:/Program Files/Mono/lib/mono-2.0-sgen.lib" />
					<Add library="dxgi.lib" />
					<Add library="d3d11.lib" />
					<Add library="d2d1.lib" />
					<Add library="d3dcompiler.lib" />
					<Add library="ws2_32.lib" />
					<Add library="winmm.lib" />
					<Add library="opengl32.lib" />
					<Add library="C:/VulkanSDK/1.3.250.0/Lib/vulkan-1.lib" />
					<Add library="Library/glfw3.lib" />
					<Add library="Library/lua.lib" />
					<Add library="Library/Irrlicht.lib" />
					<Add library="C:/Program Files/OpenSSL-Win64/lib/libssl.lib" />
					<Add library="C:/Program Files/OpenSSL-Win64/lib/libcrypto.lib" />
					<Add library="comctl32.lib" />
					<Add library="kernel32.lib" />
					<Add library="user32.lib" />
					<Add library="gdi32.lib" />
					<Add library="winspool.lib" />
					<Add library="comdlg32.lib" />
					<Add library="advapi32.lib" />
					<Add library="shell32.lib" />
					<Add library="ole32.lib" />
					<Add library="oleaut32.lib" />
					<Add library="uuid.lib" />
					<Add library="odbc32.lib" />
					<Add library="odbccp32.lib" />
				</Linker>
			</Target>
		</Build>
		<Compiler>
			<Add directory="." />
		</Compiler>
		<ResourceCompiler>
			<Add directory="." />
		</ResourceCompiler>
		<Linker>
			<Add option="/pdb:$(TARGET_OUTPUT_DIR)$(TARGET_OUTPUT_BASENAME).pdb" />
		</Linker>
		<Unit filename="Xplicit/Source/Ar.cpp" />
		<Unit filename="Xplicit/Source/Ar.h" />
		<Unit filename="Xplicit/Source/Avx.cpp" />
		<Unit filename="Xplicit/Source/Avx.h" />
		<Unit filename="Xplicit/Source/Bites.cpp" />
		<Unit filename="Xplicit/Source/Bites.h" />
		<Unit filename="Xplicit/Source/CommonEngine.cpp" />
		<Unit filename="Xplicit/Source/CommonEngine.h" />
		<Unit filename="Xplicit/Source/Component.cpp" />
		<Unit filename="Xplicit/Source/Component.h" />
		<Unit filename="Xplicit/Source/Component.inl" />
		<Unit filename="Xplicit/Source/Config.h" />
		<Unit filename="Xplicit/Source/Crc32.cpp" />
		<Unit filename="Xplicit/Source/Crc32.h" />
		<Unit filename="Xplicit/Source/D3D11ShaderSystem.cpp" />
		<Unit filename="Xplicit/Source/D3D11ShaderSystem.inl" />
		<Unit filename="Xplicit/Source/DataValue.h" />
		<Unit filename="Xplicit/Source/DriverD2D.cpp" />
		<Unit filename="Xplicit/Source/DriverD2D.h" />
		<Unit filename="Xplicit/Source/DriverD3D11.cpp" />
		<Unit filename="Xplicit/Source/DriverD3D11.h" />
		<Unit filename="Xplicit/Source/DriverD3D11.inl" />
		<Unit filename="Xplicit/Source/DriverOpenGL.cpp" />
		<Unit filename="Xplicit/Source/DriverOpenGL.h" />
		<Unit filename="Xplicit/Source/DriverSystem.cpp" />
		<Unit filename="Xplicit/Source/DriverSystem.h" />
		<Unit filename="Xplicit/Source/DriverVulkan.cpp" />
		<Unit filename="Xplicit/Source/DriverVulkan.h" />
		<Unit filename="Xplicit/Source/Event.cpp" />
		<Unit filename="Xplicit/Source/Event.h" />
		<Unit filename="Xplicit/Source/Event.inl" />
		<Unit filename="Xplicit/Source/GLad.cpp" />
		<Unit filename="Xplicit/Source/GLad.h" />
		<Unit filename="Xplicit/Source/GameVar.cpp" />
		<Unit filename="Xplicit/Source/GameVar.h" />
		<Unit filename="Xplicit/Source/HelperMacros.cpp" />
		<Unit filename="Xplicit/Source/HelperMacros.h" />
		<Unit filename="Xplicit/Source/Http.cpp" />
		<Unit filename="Xplicit/Source/Http.h" />
		<Unit filename="Xplicit/Source/LuaScriptComponent.cpp" />
		<Unit filename="Xplicit/Source/LuaScriptComponent.h" />
		<Unit filename="Xplicit/Source/MonoComponent.cpp" />
		<Unit filename="Xplicit/Source/MonoComponent.h" />
		<Unit filename="Xplicit/Source/MonoInterop.cpp" />
		<Unit filename="Xplicit/Source/MonoInterop.h" />
		<Unit filename="Xplicit/Source/NetworkComponent.cpp" />
		<Unit filename="Xplicit/Source/NetworkComponent.h" />
		<Unit filename="Xplicit/Source/NetworkProtocol.cpp" />
		<Unit filename="Xplicit/Source/NetworkProtocol.h" />
		<Unit filename="Xplicit/Source/NetworkServerComponent.cpp" />
		<Unit filename="Xplicit/Source/NetworkServerComponent.h" />
		<Unit filename="Xplicit/Source/RoXML.cpp" />
		<Unit filename="Xplicit/Source/RoXML.h" />
		<Unit filename="Xplicit/Source/Root.h" />
		<Unit filename="Xplicit/Source/SocketWrapper.cpp" />
		<Unit filename="Xplicit/Source/SocketWrapper.h" />
		<Unit filename="Xplicit/Source/SocketWrapper.inl" />
		<Unit filename="Xplicit/Source/Uri.cpp" />
		<Unit filename="Xplicit/Source/Uri.h" />
		<Unit filename="Xplicit/Source/Util.h" />
		<Unit filename="Xplicit/Source/VideoDriver.cpp" />
		<Unit filename="Xplicit/Source/VideoDriver.h" />
		<Unit filename="Xplicit/Source/Xplicit.cpp" />
		<Unit filename="Xplicit/Source/Xplicit.h" />
		<Unit filename="Xplicit/Source/XplicitID.cpp" />
		<Unit filename="Xplicit/Source/XplicitID.h" />
		<Extensions>
			<lib_finder disable_auto="1" />
		</Extensions>
	</Project>
</CodeBlocks_project_file>
