<?xml version="1.0" encoding="utf-8"?>
<Project ToolsVersion="4.0" xmlns="http://schemas.microsoft.com/developer/msbuild/2003">
  <ItemGroup>
    <ClCompile Include="..\XPXPlayer\Source\App.cpp" />
    <ClCompile Include="..\XPXPlayer\Source\AppMain.cpp" />
    <ClCompile Include="..\XPXPlayer\Source\ChatBoxComponent.cpp" />
    <ClCompile Include="..\XPXPlayer\Source\GameUI.cpp" />
    <ClCompile Include="..\XPXPlayer\Source\LoadingScreenComponent.cpp" />
    <ClCompile Include="..\XPXPlayer\Source\LocalCameraComponent.cpp" />
    <ClCompile Include="..\XPXPlayer\Source\LocalCharacterComponent.cpp" />
    <ClCompile Include="..\XPXPlayer\Source\LocalMenuEvent.cpp" />
    <ClCompile Include="..\XPXPlayer\Source\LocalNetworkMonitorEvent.cpp" />
    <ClCompile Include="..\XPXPlayer\Source\LocalReplicationComponent.cpp" />
    <ClCompile Include="..\XPXPlayer\Source\SoundComponent.cpp" />
  </ItemGroup>
  <ItemGroup>
    <ClInclude Include="..\XPXPlayer\Source\App.h" />
    <ClInclude Include="..\XPXPlayer\Source\ChatBoxComponent.h" />
    <ClInclude Include="..\XPXPlayer\Source\GameUI.h" />
    <ClInclude Include="..\XPXPlayer\Source\LoadingScreenComponent.h" />
    <ClInclude Include="..\XPXPlayer\Source\LocalCameraComponent.h" />
    <ClInclude Include="..\XPXPlayer\Source\LocalCharacterComponent.h" />
    <ClInclude Include="..\XPXPlayer\Source\LocalMenuEvent.h" />
    <ClInclude Include="..\XPXPlayer\Source\LocalNetworkMonitorEvent.h" />
    <ClInclude Include="..\XPXPlayer\Source\LocalReplicationComponent.h" />
    <ClInclude Include="..\XPXPlayer\Source\PlayerConfig.h" />
    <ClInclude Include="..\XPXPlayer\Source\SoundComponent.h" />
  </ItemGroup>
  <ItemGroup>
    <Page Include="RenderingPage.xaml" />
  </ItemGroup>
  <ItemGroup>
    <None Include="packages.config" />
  </ItemGroup>
</Project>